{
  "name": "rbx-snap",
  "version": "1.0.0",
  "lockfileVersion": 1,
  "requires": true,
  "dependencies": {
    "@rbxts/types": {
      "version": "1.0.336",
      "resolved": "https://registry.npmjs.org/@rbxts/types/-/types-1.0.336.tgz",
      "integrity": "sha512-fuyLLBH8RVVn/Jyl5NwrLwqaYUR+JHDYdtTtkIoMxZ73alwKEdJ04tDCRR8x0gM3Bj8ow1aggIHuj7dpH3Z1kQ==",
      "dev": true
    }
  }
}
